// !$*UTF8*$!
{
	archiveVersion = 1;
	classes = {
	};
	objectVersion = 48;
	objects = {

/* Begin PBXBuildFile section */
		1CD20D521FB6E3FA005C7E6F /* AppDelegate.swift in Sources */ = {isa = PBXBuildFile; fileRef = 1CD20D511FB6E3FA005C7E6F /* AppDelegate.swift */; };
		1CD20D541FB6E3FA005C7E6F /* ViewController.swift in Sources */ = {isa = PBXBuildFile; fileRef = 1CD20D531FB6E3FA005C7E6F /* ViewController.swift */; };
		1CD20D571FB6E3FA005C7E6F /* Main.storyboard in Resources */ = {isa = PBXBuildFile; fileRef = 1CD20D551FB6E3FA005C7E6F /* Main.storyboard */; };
		1CD20D591FB6E3FA005C7E6F /* Assets.xcassets in Resources */ = {isa = PBXBuildFile; fileRef = 1CD20D581FB6E3FA005C7E6F /* Assets.xcassets */; };
		1CD20D5C1FB6E3FA005C7E6F /* LaunchScreen.storyboard in Resources */ = {isa = PBXBuildFile; fileRef = 1CD20D5A1FB6E3FA005C7E6F /* LaunchScreen.storyboard */; };
		1CD20D681FB71A7B005C7E6F /* DAOSearchBar.swift in Sources */ = {isa = PBXBuildFile; fileRef = 1CD20D671FB71A7B005C7E6F /* DAOSearchBar.swift */; };
/* End PBXBuildFile section */

/* Begin PBXFileReference section */
		1CD20D4E1FB6E3FA005C7E6F /* DAOSearchBarDemo.app */ = {isa = PBXFileReference; explicitFileType = wrapper.application; includeInIndex = 0; path = DAOSearchBarDemo.app; sourceTree = BUILT_PRODUCTS_DIR; };
		1CD20D511FB6E3FA005C7E6F /* AppDelegate.swift */ = {isa = PBXFileReference; lastKnownFileType = sourcecode.swift; path = AppDelegate.swift; sourceTree = "<group>"; };
		1CD20D531FB6E3FA005C7E6F /* ViewController.swift */ = {isa = PBXFileReference; lastKnownFileType = sourcecode.swift; path = ViewController.swift; sourceTree = "<group>"; };
		1CD20D561FB6E3FA005C7E6F /* Base */ = {isa = PBXFileReference; lastKnownFileType = file.storyboard; name = Base; path = Base.lproj/Main.storyboard; sourceTree = "<group>"; };
		1CD20D581FB6E3FA005C7E6F /* Assets.xcassets */ = {isa = PBXFileReference; lastKnownFileType = folder.assetcatalog; path = Assets.xcassets; sourceTree = "<group>"; };
		1CD20D5B1FB6E3FA005C7E6F /* Base */ = {isa = PBXFileReference; lastKnownFileType = file.storyboard; name = Base; path = Base.lproj/LaunchScreen.storyboard; sourceTree = "<group>"; };
		1CD20D5D1FB6E3FA005C7E6F /* Info.plist */ = {isa = PBXFileReference; lastKnownFileType = text.plist.xml; path = Info.plist; sourceTree = "<group>"; };
		1CD20D671FB71A7B005C7E6F /* DAOSearchBar.swift */ = {isa = PBXFileReference; fileEncoding = 4; lastKnownFileType = sourcecode.swift; path = DAOSearchBar.swift; sourceTree = "<group>"; };
/* End PBXFileReference section */

/* Begin PBXFrameworksBuildPhase section */
		1CD20D4B1FB6E3FA005C7E6F /* Frameworks */ = {
			isa = PBXFrameworksBuildPhase;
			buildActionMask = 2147483647;
			files = (
			);
			runOnlyForDeploymentPostprocessing = 0;
		};
/* End PBXFrameworksBuildPhase section */

/* Begin PBXGroup section */
		1CD20D451FB6E3FA005C7E6F = {
			isa = PBXGroup;
			children = (
				1CD20D501FB6E3FA005C7E6F /* DAOSearchBarDemo */,
				1CD20D4F1FB6E3FA005C7E6F /* Products */,
			);
			sourceTree = "<group>";
		};
		1CD20D4F1FB6E3FA005C7E6F /* Products */ = {
			isa = PBXGroup;
			children = (
				1CD20D4E1FB6E3FA005C7E6F /* DAOSearchBarDemo.app */,
			);
			name = Products;
			sourceTree = "<group>";
		};
		1CD20D501FB6E3FA005C7E6F /* DAOSearchBarDemo */ = {
			isa = PBXGroup;
			children = (
				1CD20D661FB71A7B005C7E6F /* DAOSearchBar */,
				1CD20D511FB6E3FA005C7E6F /* AppDelegate.swift */,
				1CD20D531FB6E3FA005C7E6F /* ViewController.swift */,
				1CD20D551FB6E3FA005C7E6F /* Main.storyboard */,
				1CD20D581FB6E3FA005C7E6F /* Assets.xcassets */,
				1CD20D5A1FB6E3FA005C7E6F /* LaunchScreen.storyboard */,
				1CD20D5D1FB6E3FA005C7E6F /* Info.plist */,
			);
			path = DAOSearchBarDemo;
			sourceTree = "<group>";
		};
		1CD20D661FB71A7B005C7E6F /* DAOSearchBar */ = {
			isa = PBXGroup;
			children = (
				1CD20D671FB71A7B005C7E6F /* DAOSearchBar.swift */,
			);
			path = DAOSearchBar;
			sourceTree = SOURCE_ROOT;
		};
/* End PBXGroup section */

/* Begin PBXNativeTarget section */
		1CD20D4D1FB6E3FA005C7E6F /* DAOSearchBarDemo */ = {
			isa = PBXNativeTarget;
			buildConfigurationList = 1CD20D601FB6E3FA005C7E6F /* Build configuration list for PBXNativeTarget "DAOSearchBarDemo" */;
			buildPhases = (
				1CD20D4A1FB6E3FA005C7E6F /* Sources */,
				1CD20D4B1FB6E3FA005C7E6F /* Frameworks */,
				1CD20D4C1FB6E3FA005C7E6F /* Resources */,
			);
			buildRules = (
			);
			dependencies = (
			);
			name = DAOSearchBarDemo;
			productName = DAOSearchBarDemo;
			productReference = 1CD20D4E1FB6E3FA005C7E6F /* DAOSearchBarDemo.app */;
			productType = "com.apple.product-type.application";
		};
/* End PBXNativeTarget section */

/* Begin PBXProject section */
		1CD20D461FB6E3FA005C7E6F /* Project object */ = {
			isa = PBXProject;
			attributes = {
				LastSwiftUpdateCheck = 0910;
				LastUpgradeCheck = 0910;
				ORGANIZATIONNAME = likeabossapp;
				TargetAttributes = {
					1CD20D4D1FB6E3FA005C7E6F = {
						CreatedOnToolsVersion = 9.1;
						ProvisioningStyle = Automatic;
					};
				};
			};
			buildConfigurationList = 1CD20D491FB6E3FA005C7E6F /* Build configuration list for PBXProject "DAOSearchBarDemo" */;
			compatibilityVersion = "Xcode 8.0";
			developmentRegion = en;
			hasScannedForEncodings = 0;
			knownRegions = (
				en,
				Base,
			);
			mainGroup = 1CD20D451FB6E3FA005C7E6F;
			productRefGroup = 1CD20D4F1FB6E3FA005C7E6F /* Products */;
			projectDirPath = "";
			projectRoot = "";
			targets = (
				1CD20D4D1FB6E3FA005C7E6F /* DAOSearchBarDemo */,
			);
		};
/* End PBXProject section */

/* Begin PBXResourcesBuildPhase section */
		1CD20D4C1FB6E3FA005C7E6F /* Resources */ = {
			isa = PBXResourcesBuildPhase;
			buildActionMask = 2147483647;
			files = (
				1CD20D5C1FB6E3FA005C7E6F /* LaunchScreen.storyboard in Resources */,
				1CD20D591FB6E3FA005C7E6F /* Assets.xcassets in Resources */,
				1CD20D571FB6E3FA005C7E6F /* Main.storyboard in Resources */,
			);
			runOnlyForDeploymentPostprocessing = 0;
		};
/* End PBXResourcesBuildPhase section */

/* Begin PBXSourcesBuildPhase section */
		1CD20D4A1FB6E3FA005C7E6F /* Sources */ = {
			isa = PBXSourcesBuildPhase;
			buildActionMask = 2147483647;
			files = (
				1CD20D541FB6E3FA005C7E6F /* ViewController.swift in Sources */,
				1CD20D681FB71A7B005C7E6F /* DAOSearchBar.swift in Sources */,
				1CD20D521FB6E3FA005C7E6F /* AppDelegate.swift in Sources */,
			);
			runOnlyForDeploymentPostprocessing = 0;
		};
/* End PBXSourcesBuildPhase section */

/* Begin PBXVariantGroup section */
		1CD20D551FB6E3FA005C7E6F /* Main.storyboard */ = {
			isa = PBXVariantGroup;
			children = (
				1CD20D561FB6E3FA005C7E6F /* Base */,
			);
			name = Main.storyboard;
			sourceTree = "<group>";
		};
		1CD20D5A1FB6E3FA005C7E6F /* LaunchScreen.storyboard */ = {
			isa = PBXVariantGroup;
			children = (
				1CD20D5B1FB6E3FA005C7E6F /* Base */,
			);
			name = LaunchScreen.storyboard;
			sourceTree = "<group>";
		};
/* End PBXVariantGroup section */

/* Begin XCBuildConfiguration section */
		1CD20D5E1FB6E3FA005C7E6F /* Debug */ = {
			isa = XCBuildConfiguration;
			buildSettings = {
				ALWAYS_SEARCH_USER_PATHS = NO;
				CLANG_ANALYZER_NONNULL = YES;
				CLANG_ANALYZER_NUMBER_OBJECT_CONVERSION = YES_AGGRESSIVE;
				CLANG_CXX_LANGUAGE_STANDARD = "gnu++14";
				CLANG_CXX_LIBRARY = "libc++";
				CLANG_ENABLE_MODULES = YES;
				CLANG_ENABLE_OBJC_ARC = YES;
				CLANG_WARN_BLOCK_CAPTURE_AUTORELEASING = YES;
				CLANG_WARN_BOOL_CONVERSION = YES;
				CLANG_WARN_COMMA = YES;
				CLANG_WARN_CONSTANT_CONVERSION = YES;
				CLANG_WARN_DIRECT_OBJC_ISA_USAGE = YES_ERROR;
				CLANG_WARN_DOCUMENTATION_COMMENTS = YES;
				CLANG_WARN_EMPTY_BODY = YES;
				CLANG_WARN_ENUM_CONVERSION = YES;
				CLANG_WARN_INFINITE_RECURSION = YES;
				CLANG_WARN_INT_CONVERSION = YES;
				CLANG_WARN_NON_LITERAL_NULL_CONVERSION = YES;
				CLANG_WARN_OBJC_LITERAL_CONVERSION = YES;
				CLANG_WARN_OBJC_ROOT_CLASS = YES_ERROR;
				CLANG_WARN_RANGE_LOOP_ANALYSIS = YES;
				CLANG_WARN_STRICT_PROTOTYPES = YES;
				CLANG_WARN_SUSPICIOUS_MOVE = YES;
				CLANG_WARN_UNGUARDED_AVAILABILITY = YES_AGGRESSIVE;
				CLANG_WARN_UNREACHABLE_CODE = YES;
				CLANG_WARN__DUPLICATE_METHOD_MATCH = YES;
				CODE_SIGN_IDENTITY = "iPhone Developer";
				COPY_PHASE_STRIP = NO;
				DEBUG_INFORMATION_FORMAT = dwarf;
				ENABLE_STRICT_OBJC_MSGSEND = YES;
				ENABLE_TESTABILITY = YES;
				GCC_C_LANGUAGE_STANDARD = gnu11;
				GCC_DYNAMIC_NO_PIC = NO;
				GCC_NO_COMMON_BLOCKS = YES;
				GCC_OPTIMIZATION_LEVEL = 0;
				GCC_PREPROCESSOR_DEFINITIONS = (
					"DEBUG=1",
					"$(inherited)",
				);
				GCC_WARN_64_TO_32_BIT_CONVERSION = YES;
				GCC_WARN_ABOUT_RETURN_TYPE = YES_ERROR;
				GCC_WARN_UNDECLARED_SELECTOR = YES;
				GCC_WARN_UNINITIALIZED_AUTOS = YES_AGGRESSIVE;
				GCC_WARN_UNUSED_FUNCTION = YES;
				GCC_WARN_UNUSED_VARIABLE = YES;
				IPHONEOS_DEPLOYMENT_TARGET = 11.1;
				MTL_ENABLE_DEBUG_INFO = YES;
				ONLY_ACTIVE_ARCH = YES;
				SDKROOT = iphoneos;
				SWIFT_ACTIVE_COMPILATION_CONDITIONS = DEBUG;
				SWIFT_OPTIMIZATION_LEVEL = "-Onone";
			};
			name = Debug;
		};
		1CD20D5F1FB6E3FA005C7E6F /* Release */ = {
			isa = XCBuildConfiguration;
			buildSettings = {
				ALWAYS_SEARCH_USER_PATHS = NO;
				CLANG_ANALYZER_NONNULL = YES;
				CLANG_ANALYZER_NUMBER_OBJECT_CONVERSION = YES_AGGRESSIVE;
				CLANG_CXX_LANGUAGE_STANDARD = "gnu++14";
				CLANG_CXX_LIBRARY = "libc++";
				CLANG_ENABLE_MODULES = YES;
				CLANG_ENABLE_OBJC_ARC = YES;
				CLANG_WARN_BLOCK_CAPTURE_AUTORELEASING = YES;
				CLANG_WARN_BOOL_CONVERSION = YES;
				CLANG_WARN_COMMA = YES;
				CLANG_WARN_CONSTANT_CONVERSION = YES;
				CLANG_WARN_DIRECT_OBJC_ISA_USAGE = YES_ERROR;
				CLANG_WARN_DOCUMENTATION_COMMENTS = YES;
				CLANG_WARN_EMPTY_BODY = YES;
				CLANG_WARN_ENUM_CONVERSION = YES;
				CLANG_WARN_INFINITE_RECURSION = YES;
				CLANG_WARN_INT_CONVERSION = YES;
				CLANG_WARN_NON_LITERAL_NULL_CONVERSION = YES;
				CLANG_WARN_OBJC_LITERAL_CONVERSION = YES;
				CLANG_WARN_OBJC_ROOT_CLASS = YES_ERROR;
				CLANG_WARN_RANGE_LOOP_ANALYSIS = YES;
				CLANG_WARN_STRICT_PROTOTYPES = YES;
				CLANG_WARN_SUSPICIOUS_MOVE = YES;
				CLANG_WARN_UNGUARDED_AVAILABILITY = YES_AGGRESSIVE;
				CLANG_WARN_UNREACHABLE_CODE = YES;
				CLANG_WARN__DUPLICATE_METHOD_MATCH = YES;
				CODE_SIGN_IDENTITY = "iPhone Developer";
				COPY_PHASE_STRIP = NO;
				DEBUG_INFORMATION_FORMAT = "dwarf-with-dsym";
				ENABLE_NS_ASSERTIONS = NO;
				ENABLE_STRICT_OBJC_MSGSEND = YES;
				GCC_C_LANGUAGE_STANDARD = gnu11;
				GCC_NO_COMMON_BLOCKS = YES;
				GCC_WARN_64_TO_32_BIT_CONVERSION = YES;
				GCC_WARN_ABOUT_RETURN_TYPE = YES_ERROR;
				GCC_WARN_UNDECLARED_SELECTOR = YES;
				GCC_WARN_UNINITIALIZED_AUTOS = YES_AGGRESSIVE;
				GCC_WARN_UNUSED_FUNCTION = YES;
				GCC_WARN_UNUSED_VARIABLE = YES;
				IPHONEOS_DEPLOYMENT_TARGET = 11.1;
				MTL_ENABLE_DEBUG_INFO = NO;
				SDKROOT = iphoneos;
				SWIFT_OPTIMIZATION_LEVEL = "-Owholemodule";
				VALIDATE_PRODUCT = YES;
			};
			name = Release;
		};
		1CD20D611FB6E3FA005C7E6F /* Debug */ = {
			isa = XCBuildConfiguration;
			buildSettings = {
				ASSETCATALOG_COMPILER_APPICON_NAME = AppIcon;
				CODE_SIGN_STYLE = Automatic;
				INFOPLIST_FILE = DAOSearchBarDemo/Info.plist;
				LD_RUNPATH_SEARCH_PATHS = "$(inherited) @executable_path/Frameworks";
				PRODUCT_BUNDLE_IDENTIFIER = likeabossapp.com.DAOSearchBarDemo;
				PRODUCT_NAME = "$(TARGET_NAME)";
				SWIFT_VERSION = 4.0;
				TARGETED_DEVICE_FAMILY = "1,2";
			};
			name = Debug;
		};
		1CD20D621FB6E3FA005C7E6F /* Release */ = {
			isa = XCBuildConfiguration;
			buildSettings = {
				ASSETCATALOG_COMPILER_APPICON_NAME = AppIcon;
				CODE_SIGN_STYLE = Automatic;
				INFOPLIST_FILE = DAOSearchBarDemo/Info.plist;
				LD_RUNPATH_SEARCH_PATHS = "$(inherited) @executable_path/Frameworks";
				PRODUCT_BUNDLE_IDENTIFIER = likeabossapp.com.DAOSearchBarDemo;
				PRODUCT_NAME = "$(TARGET_NAME)";
				SWIFT_VERSION = 4.0;
				TARGETED_DEVICE_FAMILY = "1,2";
			};
			name = Release;
		};
/* End XCBuildConfiguration section */

/* Begin XCConfigurationList section */
		1CD20D491FB6E3FA005C7E6F /* Build configuration list for PBXProject "DAOSearchBarDemo" */ = {
			isa = XCConfigurationList;
			buildConfigurations = (
				1CD20D5E1FB6E3FA005C7E6F /* Debug */,
				1CD20D5F1FB6E3FA005C7E6F /* Release */,
			);
			defaultConfigurationIsVisible = 0;
			defaultConfigurationName = Release;
		};
		1CD20D601FB6E3FA005C7E6F /* Build configuration list for PBXNativeTarget "DAOSearchBarDemo" */ = {
			isa = XCConfigurationList;
			buildConfigurations = (
				1CD20D611FB6E3FA005C7E6F /* Debug */,
				1CD20D621FB6E3FA005C7E6F /* Release */,
			);
			defaultConfigurationIsVisible = 0;
			defaultConfigurationName = Release;
		};
/* End XCConfigurationList section */
	};
	rootObject = 1CD20D461FB6E3FA005C7E6F /* Project object */;
}
